
Microsoft Visual Studio Solution File, Format Version 12.00
# Visual Studio Version 17
VisualStudioVersion = 17.14.36930.0 d17.14
MinimumVisualStudioVersion = 10.0.40219.1
Project("{FAE04EC0-301F-11D3-BF4B-00C04F79EFBC}") = "OOP task 2 3", "OOP task 2 3\OOP task 2 3.csproj", "{68C869E3-2B3F-4167-A573-A53CC8646EE3}"
EndProject
Global
	GlobalSection(SolutionConfigurationPlatforms) = preSolution
		Debug|Any CPU = Debug|Any CPU
		Release|Any CPU = Release|Any CPU
	EndGlobalSection
	GlobalSection(ProjectConfigurationPlatforms) = postSolution
		{68C869E3-2B3F-4167-A573-A53CC8646EE3}.Debug|Any CPU.ActiveCfg = Debug|Any CPU
		{68C869E3-2B3F-4167-A573-A53CC8646EE3}.Debug|Any CPU.Build.0 = Debug|Any CPU
		{68C869E3-2B3F-4167-A573-A53CC8646EE3}.Release|Any CPU.ActiveCfg = Release|Any CPU
		{68C869E3-2B3F-4167-A573-A53CC8646EE3}.Release|Any CPU.Build.0 = Release|Any CPU
	EndGlobalSection
	GlobalSection(SolutionProperties) = preSolution
		HideSolutionNode = FALSE
	EndGlobalSection
	GlobalSection(ExtensibilityGlobals) = postSolution
		SolutionGuid = {4BF0040E-1ECE-4F4A-A58D-D3658CA8AE54}
	EndGlobalSection
EndGlobal
